
Microsoft Visual Studio Solution File, Format Version 12.00
# Visual Studio 15
VisualStudioVersion = 15.0.28307.489
MinimumVisualStudioVersion = 10.0.40219.1
Project("{8BC9CEB8-8B4A-11D0-8D11-00A0C91BC942}") = "mips", "mips\mips.vcxproj", "{2FC10289-2E9F-4384-BA40-D8C2C29B133F}"
EndProject
Global
	GlobalSection(SolutionConfigurationPlatforms) = preSolution
		Debug|x64 = Debug|x64
		Debug|x86 = Debug|x86
		Release|x64 = Release|x64
		Release|x86 = Release|x86
	EndGlobalSection
	GlobalSection(ProjectConfigurationPlatforms) = postSolution
		{2FC10289-2E9F-4384-BA40-D8C2C29B133F}.Debug|x64.ActiveCfg = Debug|x64
		{2FC10289-2E9F-4384-BA40-D8C2C29B133F}.Debug|x64.Build.0 = Debug|x64
		{2FC10289-2E9F-4384-BA40-D8C2C29B133F}.Debug|x86.ActiveCfg = Debug|Win32
		{2FC10289-2E9F-4384-BA40-D8C2C29B133F}.Debug|x86.Build.0 = Debug|Win32
		{2FC10289-2E9F-4384-BA40-D8C2C29B133F}.Release|x64.ActiveCfg = Release|x64
		{2FC10289-2E9F-4384-BA40-D8C2C29B133F}.Release|x64.Build.0 = Release|x64
		{2FC10289-2E9F-4384-BA40-D8C2C29B133F}.Release|x86.ActiveCfg = Release|Win32
		{2FC10289-2E9F-4384-BA40-D8C2C29B133F}.Release|x86.Build.0 = Release|Win32
	EndGlobalSection
	GlobalSection(SolutionProperties) = preSolution
		HideSolutionNode = FALSE
	EndGlobalSection
	GlobalSection(ExtensibilityGlobals) = postSolution
		SolutionGuid = {FF21B18D-9EE6-46BA-A24F-5842C29D63A1}
	EndGlobalSection
EndGlobal
